
Microsoft Visual Studio Solution File, Format Version 12.00
# Visual Studio Version 16
VisualStudioVersion = 16.0.30907.101
MinimumVisualStudioVersion = 10.0.40219.1
Project("{FAE04EC0-301F-11D3-BF4B-00C04F79EFBC}") = "ClassMetotDemo", "ClassMetotDemo\ClassMetotDemo.csproj", "{B91AAC21-2904-4430-8E32-332244A84251}"
EndProject
Global
	GlobalSection(SolutionConfigurationPlatforms) = preSolution
		Debug|Any CPU = Debug|Any CPU
		Release|Any CPU = Release|Any CPU
	EndGlobalSection
	GlobalSection(ProjectConfigurationPlatforms) = postSolution
		{B91AAC21-2904-4430-8E32-332244A84251}.Debug|Any CPU.ActiveCfg = Debug|Any CPU
		{B91AAC21-2904-4430-8E32-332244A84251}.Debug|Any CPU.Build.0 = Debug|Any CPU
		{B91AAC21-2904-4430-8E32-332244A84251}.Release|Any CPU.ActiveCfg = Release|Any CPU
		{B91AAC21-2904-4430-8E32-332244A84251}.Release|Any CPU.Build.0 = Release|Any CPU
	EndGlobalSection
	GlobalSection(SolutionProperties) = preSolution
		HideSolutionNode = FALSE
	EndGlobalSection
	GlobalSection(ExtensibilityGlobals) = postSolution
		SolutionGuid = {2C2DA792-C13E-4101-9F40-F13AAF90134C}
	EndGlobalSection
EndGlobal
